
Microsoft Visual Studio Solution File, Format Version 12.00
# Visual Studio 15
VisualStudioVersion = 15.0.27428.2037
MinimumVisualStudioVersion = 10.0.40219.1
Project("{9A19103F-16F7-4668-BE54-9A1E7A4F7556}") = "Api", "Api\Api.csproj", "{6D71FA4B-CFBE-4901-9B13-2EA64DB1AD0A}"
EndProject
Project("{9A19103F-16F7-4668-BE54-9A1E7A4F7556}") = "Client", "Client\Client.csproj", "{F953FC4A-8189-448E-AA80-B496B88B8467}"
EndProject
Project("{9A19103F-16F7-4668-BE54-9A1E7A4F7556}") = "QuickstartIdentityServer", "QuickstartIdentityServer\QuickstartIdentityServer.csproj", "{EFBBF7F1-EBC9-40EE-8F43-EC3FB26ADBB8}"
EndProject
Global
	GlobalSection(SolutionConfigurationPlatforms) = preSolution
		Debug|Any CPU = Debug|Any CPU
		Release|Any CPU = Release|Any CPU
	EndGlobalSection
	GlobalSection(ProjectConfigurationPlatforms) = postSolution
		{6D71FA4B-CFBE-4901-9B13-2EA64DB1AD0A}.Debug|Any CPU.ActiveCfg = Debug|Any CPU
		{6D71FA4B-CFBE-4901-9B13-2EA64DB1AD0A}.Debug|Any CPU.Build.0 = Debug|Any CPU
		{6D71FA4B-CFBE-4901-9B13-2EA64DB1AD0A}.Release|Any CPU.ActiveCfg = Release|Any CPU
		{6D71FA4B-CFBE-4901-9B13-2EA64DB1AD0A}.Release|Any CPU.Build.0 = Release|Any CPU
		{F953FC4A-8189-448E-AA80-B496B88B8467}.Debug|Any CPU.ActiveCfg = Debug|Any CPU
		{F953FC4A-8189-448E-AA80-B496B88B8467}.Debug|Any CPU.Build.0 = Debug|Any CPU
		{F953FC4A-8189-448E-AA80-B496B88B8467}.Release|Any CPU.ActiveCfg = Release|Any CPU
		{F953FC4A-8189-448E-AA80-B496B88B8467}.Release|Any CPU.Build.0 = Release|Any CPU
		{EFBBF7F1-EBC9-40EE-8F43-EC3FB26ADBB8}.Debug|Any CPU.ActiveCfg = Debug|Any CPU
		{EFBBF7F1-EBC9-40EE-8F43-EC3FB26ADBB8}.Debug|Any CPU.Build.0 = Debug|Any CPU
		{EFBBF7F1-EBC9-40EE-8F43-EC3FB26ADBB8}.Release|Any CPU.ActiveCfg = Release|Any CPU
		{EFBBF7F1-EBC9-40EE-8F43-EC3FB26ADBB8}.Release|Any CPU.Build.0 = Release|Any CPU
	EndGlobalSection
	GlobalSection(SolutionProperties) = preSolution
		HideSolutionNode = FALSE
	EndGlobalSection
	GlobalSection(ExtensibilityGlobals) = postSolution
		SolutionGuid = {C4003BCF-5AA8-4845-B039-7675BFACCA8E}
	EndGlobalSection
EndGlobal
